
Microsoft Visual Studio Solution File, Format Version 12.00
# Visual Studio 2013
VisualStudioVersion = 12.0.21005.1
MinimumVisualStudioVersion = 10.0.40219.1
Project("{8BC9CEB8-8B4A-11D0-8D11-00A0C91BC942}") = "function_5_24_", "function_5_24_\function_5_24_.vcxproj", "{7F01BDCD-36F7-47B4-A85E-84CF2C9DE339}"
EndProject
Global
	GlobalSection(SolutionConfigurationPlatforms) = preSolution
		Debug|Win32 = Debug|Win32
		Release|Win32 = Release|Win32
	EndGlobalSection
	GlobalSection(ProjectConfigurationPlatforms) = postSolution
		{7F01BDCD-36F7-47B4-A85E-84CF2C9DE339}.Debug|Win32.ActiveCfg = Debug|Win32
		{7F01BDCD-36F7-47B4-A85E-84CF2C9DE339}.Debug|Win32.Build.0 = Debug|Win32
		{7F01BDCD-36F7-47B4-A85E-84CF2C9DE339}.Release|Win32.ActiveCfg = Release|Win32
		{7F01BDCD-36F7-47B4-A85E-84CF2C9DE339}.Release|Win32.Build.0 = Release|Win32
	EndGlobalSection
	GlobalSection(SolutionProperties) = preSolution
		HideSolutionNode = FALSE
	EndGlobalSection
EndGlobal
